{
  "name": "conservation-app",
  "version": "0.0.1",
  "lockfileVersion": 3,
  "requires": true,
  "packages": {
    "": {
      "name": "conservation-app",
      "version": "0.0.1",
      "license": "MIT",
      "dependencies": {
        "conservation-app": "file:"
      }
    },
    "node_modules/conservation-app": {
      "resolved": "",
      "link": true
    }
  }
}
